
Microsoft Visual Studio Solution File, Format Version 12.00
# Visual Studio 15
VisualStudioVersion = 15.0.27428.2027
MinimumVisualStudioVersion = 10.0.40219.1
Project("{FAE04EC0-301F-11D3-BF4B-00C04F79EFBC}") = "MS_targeted", "MS_targeted\MS_targeted.csproj", "{651A6859-25C7-4F66-92EA-7780A359C057}"
EndProject
Project("{FAE04EC0-301F-11D3-BF4B-00C04F79EFBC}") = "metabolomicsDB", "metabolomicsDB\metabolomicsDB.csproj", "{5285A509-2A11-4166-B559-7297F62E0640}"
EndProject
Global
	GlobalSection(SolutionConfigurationPlatforms) = preSolution
		Debug|Any CPU = Debug|Any CPU
		Release|Any CPU = Release|Any CPU
	EndGlobalSection
	GlobalSection(ProjectConfigurationPlatforms) = postSolution
		{651A6859-25C7-4F66-92EA-7780A359C057}.Debug|Any CPU.ActiveCfg = Debug|Any CPU
		{651A6859-25C7-4F66-92EA-7780A359C057}.Debug|Any CPU.Build.0 = Debug|Any CPU
		{651A6859-25C7-4F66-92EA-7780A359C057}.Release|Any CPU.ActiveCfg = Release|Any CPU
		{651A6859-25C7-4F66-92EA-7780A359C057}.Release|Any CPU.Build.0 = Release|Any CPU
		{5285A509-2A11-4166-B559-7297F62E0640}.Debug|Any CPU.ActiveCfg = Debug|Any CPU
		{5285A509-2A11-4166-B559-7297F62E0640}.Debug|Any CPU.Build.0 = Debug|Any CPU
		{5285A509-2A11-4166-B559-7297F62E0640}.Release|Any CPU.ActiveCfg = Release|Any CPU
		{5285A509-2A11-4166-B559-7297F62E0640}.Release|Any CPU.Build.0 = Release|Any CPU
	EndGlobalSection
	GlobalSection(SolutionProperties) = preSolution
		HideSolutionNode = FALSE
	EndGlobalSection
	GlobalSection(ExtensibilityGlobals) = postSolution
		SolutionGuid = {2AC0C513-9777-4925-BAAF-656730C818D9}
	EndGlobalSection
EndGlobal
